// !$*UTF8*$!
{
	archiveVersion = 1;
	classes = {
	};
	objectVersion = 51;
	objects = {

/* Begin PBXBuildFile section */
		124FB21C7A2E454D800ABCA0 /* Pods_poq_CatalinPalade_Challenge.framework in Frameworks */ = {isa = PBXBuildFile; fileRef = D46274EDE3509AB5C621CB50 /* Pods_poq_CatalinPalade_Challenge.framework */; };
		52C0ECE9F707E1F1A8C5ACA4 /* Pods_poq_CatalinPalade_Challenge_poq_CatalinPalade_ChallengeUITests.framework in Frameworks */ = {isa = PBXBuildFile; fileRef = F3ABD52FCC052D8A4E0B1062 /* Pods_poq_CatalinPalade_Challenge_poq_CatalinPalade_ChallengeUITests.framework */; };
		699481AC7FC2D0C7D8F190B1 /* Pods_poq_CatalinPalade_ChallengeTests.framework in Frameworks */ = {isa = PBXBuildFile; fileRef = 2BCDCD0DEA74209C969F4D5B /* Pods_poq_CatalinPalade_ChallengeTests.framework */; };
		9906238A238AB28700CF8D56 /* AppDelegate.swift in Sources */ = {isa = PBXBuildFile; fileRef = 99062389238AB28700CF8D56 /* AppDelegate.swift */; };
		9906238C238AB28700CF8D56 /* SceneDelegate.swift in Sources */ = {isa = PBXBuildFile; fileRef = 9906238B238AB28700CF8D56 /* SceneDelegate.swift */; };
		9906238E238AB28700CF8D56 /* MainViewController.swift in Sources */ = {isa = PBXBuildFile; fileRef = 9906238D238AB28700CF8D56 /* MainViewController.swift */; };
		99062391238AB28700CF8D56 /* Main.storyboard in Resources */ = {isa = PBXBuildFile; fileRef = 9906238F238AB28700CF8D56 /* Main.storyboard */; };
		99062393238AB28900CF8D56 /* Assets.xcassets in Resources */ = {isa = PBXBuildFile; fileRef = 99062392238AB28900CF8D56 /* Assets.xcassets */; };
		99062396238AB28900CF8D56 /* LaunchScreen.storyboard in Resources */ = {isa = PBXBuildFile; fileRef = 99062394238AB28900CF8D56 /* LaunchScreen.storyboard */; };
		990623A1238AB28900CF8D56 /* poq_CatalinPalade_ChallengeTests.swift in Sources */ = {isa = PBXBuildFile; fileRef = 990623A0238AB28900CF8D56 /* poq_CatalinPalade_ChallengeTests.swift */; };
		990623AC238AB28900CF8D56 /* poq_CatalinPalade_ChallengeUITests.swift in Sources */ = {isa = PBXBuildFile; fileRef = 990623AB238AB28900CF8D56 /* poq_CatalinPalade_ChallengeUITests.swift */; };
		990623BC238AB32800CF8D56 /* Repo.swift in Sources */ = {isa = PBXBuildFile; fileRef = 990623BB238AB32800CF8D56 /* Repo.swift */; };
		990623C0238AB73200CF8D56 /* NetworkingClient.swift in Sources */ = {isa = PBXBuildFile; fileRef = 990623BF238AB73200CF8D56 /* NetworkingClient.swift */; };
		990623C3238ABA4600CF8D56 /* ExtensionUIAlertController.swift in Sources */ = {isa = PBXBuildFile; fileRef = 990623C2238ABA4600CF8D56 /* ExtensionUIAlertController.swift */; };
		990623C5238ABF3900CF8D56 /* RepoModelTests.swift in Sources */ = {isa = PBXBuildFile; fileRef = 990623C4238ABF3900CF8D56 /* RepoModelTests.swift */; };
/* End PBXBuildFile section */

/* Begin PBXContainerItemProxy section */
		9906239D238AB28900CF8D56 /* PBXContainerItemProxy */ = {
			isa = PBXContainerItemProxy;
			containerPortal = 9906237E238AB28700CF8D56 /* Project object */;
			proxyType = 1;
			remoteGlobalIDString = 99062385238AB28700CF8D56;
			remoteInfo = poq_CatalinPalade_Challenge;
		};
		990623A8238AB28900CF8D56 /* PBXContainerItemProxy */ = {
			isa = PBXContainerItemProxy;
			containerPortal = 9906237E238AB28700CF8D56 /* Project object */;
			proxyType = 1;
			remoteGlobalIDString = 99062385238AB28700CF8D56;
			remoteInfo = poq_CatalinPalade_Challenge;
		};
/* End PBXContainerItemProxy section */

/* Begin PBXFileReference section */
		1AB478DFAB559683DB52A022 /* Pods-poq_CatalinPalade_Challenge.release.xcconfig */ = {isa = PBXFileReference; includeInIndex = 1; lastKnownFileType = text.xcconfig; name = "Pods-poq_CatalinPalade_Challenge.release.xcconfig"; path = "Target Support Files/Pods-poq_CatalinPalade_Challenge/Pods-poq_CatalinPalade_Challenge.release.xcconfig"; sourceTree = "<group>"; };
		1F4396C05DE86D48BFE941E8 /* Pods-poq_CatalinPalade_Challenge-poq_CatalinPalade_ChallengeUITests.debug.xcconfig */ = {isa = PBXFileReference; includeInIndex = 1; lastKnownFileType = text.xcconfig; name = "Pods-poq_CatalinPalade_Challenge-poq_CatalinPalade_ChallengeUITests.debug.xcconfig"; path = "Target Support Files/Pods-poq_CatalinPalade_Challenge-poq_CatalinPalade_ChallengeUITests/Pods-poq_CatalinPalade_Challenge-poq_CatalinPalade_ChallengeUITests.debug.xcconfig"; sourceTree = "<group>"; };
		2BCDCD0DEA74209C969F4D5B /* Pods_poq_CatalinPalade_ChallengeTests.framework */ = {isa = PBXFileReference; explicitFileType = wrapper.framework; includeInIndex = 0; path = Pods_poq_CatalinPalade_ChallengeTests.framework; sourceTree = BUILT_PRODUCTS_DIR; };
		6215DDC606CDA9A1DC296AB0 /* Pods-poq_CatalinPalade_Challenge-poq_CatalinPalade_ChallengeUITests.release.xcconfig */ = {isa = PBXFileReference; includeInIndex = 1; lastKnownFileType = text.xcconfig; name = "Pods-poq_CatalinPalade_Challenge-poq_CatalinPalade_ChallengeUITests.release.xcconfig"; path = "Target Support Files/Pods-poq_CatalinPalade_Challenge-poq_CatalinPalade_ChallengeUITests/Pods-poq_CatalinPalade_Challenge-poq_CatalinPalade_ChallengeUITests.release.xcconfig"; sourceTree = "<group>"; };
		8F44E3C48426D71479C4CB2B /* Pods-poq_CatalinPalade_ChallengeTests.release.xcconfig */ = {isa = PBXFileReference; includeInIndex = 1; lastKnownFileType = text.xcconfig; name = "Pods-poq_CatalinPalade_ChallengeTests.release.xcconfig"; path = "Target Support Files/Pods-poq_CatalinPalade_ChallengeTests/Pods-poq_CatalinPalade_ChallengeTests.release.xcconfig"; sourceTree = "<group>"; };
		99062386238AB28700CF8D56 /* poq_CatalinPalade_Challenge.app */ = {isa = PBXFileReference; explicitFileType = wrapper.application; includeInIndex = 0; path = poq_CatalinPalade_Challenge.app; sourceTree = BUILT_PRODUCTS_DIR; };
		99062389238AB28700CF8D56 /* AppDelegate.swift */ = {isa = PBXFileReference; lastKnownFileType = sourcecode.swift; path = AppDelegate.swift; sourceTree = "<group>"; };
		9906238B238AB28700CF8D56 /* SceneDelegate.swift */ = {isa = PBXFileReference; lastKnownFileType = sourcecode.swift; path = SceneDelegate.swift; sourceTree = "<group>"; };
		9906238D238AB28700CF8D56 /* MainViewController.swift */ = {isa = PBXFileReference; lastKnownFileType = sourcecode.swift; path = MainViewController.swift; sourceTree = "<group>"; };
		99062390238AB28700CF8D56 /* Base */ = {isa = PBXFileReference; lastKnownFileType = file.storyboard; name = Base; path = Base.lproj/Main.storyboard; sourceTree = "<group>"; };
		99062392238AB28900CF8D56 /* Assets.xcassets */ = {isa = PBXFileReference; lastKnownFileType = folder.assetcatalog; path = Assets.xcassets; sourceTree = "<group>"; };
		99062395238AB28900CF8D56 /* Base */ = {isa = PBXFileReference; lastKnownFileType = file.storyboard; name = Base; path = Base.lproj/LaunchScreen.storyboard; sourceTree = "<group>"; };
		99062397238AB28900CF8D56 /* Info.plist */ = {isa = PBXFileReference; lastKnownFileType = text.plist.xml; path = Info.plist; sourceTree = "<group>"; };
		9906239C238AB28900CF8D56 /* poq_CatalinPalade_ChallengeTests.xctest */ = {isa = PBXFileReference; explicitFileType = wrapper.cfbundle; includeInIndex = 0; path = poq_CatalinPalade_ChallengeTests.xctest; sourceTree = BUILT_PRODUCTS_DIR; };
		990623A0238AB28900CF8D56 /* poq_CatalinPalade_ChallengeTests.swift */ = {isa = PBXFileReference; lastKnownFileType = sourcecode.swift; path = poq_CatalinPalade_ChallengeTests.swift; sourceTree = "<group>"; };
		990623A2238AB28900CF8D56 /* Info.plist */ = {isa = PBXFileReference; lastKnownFileType = text.plist.xml; path = Info.plist; sourceTree = "<group>"; };
		990623A7238AB28900CF8D56 /* poq_CatalinPalade_ChallengeUITests.xctest */ = {isa = PBXFileReference; explicitFileType = wrapper.cfbundle; includeInIndex = 0; path = poq_CatalinPalade_ChallengeUITests.xctest; sourceTree = BUILT_PRODUCTS_DIR; };
		990623AB238AB28900CF8D56 /* poq_CatalinPalade_ChallengeUITests.swift */ = {isa = PBXFileReference; lastKnownFileType = sourcecode.swift; path = poq_CatalinPalade_ChallengeUITests.swift; sourceTree = "<group>"; };
		990623AD238AB28900CF8D56 /* Info.plist */ = {isa = PBXFileReference; lastKnownFileType = text.plist.xml; path = Info.plist; sourceTree = "<group>"; };
		990623BB238AB32800CF8D56 /* Repo.swift */ = {isa = PBXFileReference; lastKnownFileType = sourcecode.swift; path = Repo.swift; sourceTree = "<group>"; };
		990623BF238AB73200CF8D56 /* NetworkingClient.swift */ = {isa = PBXFileReference; lastKnownFileType = sourcecode.swift; path = NetworkingClient.swift; sourceTree = "<group>"; };
		990623C2238ABA4600CF8D56 /* ExtensionUIAlertController.swift */ = {isa = PBXFileReference; lastKnownFileType = sourcecode.swift; path = ExtensionUIAlertController.swift; sourceTree = "<group>"; };
		990623C4238ABF3900CF8D56 /* RepoModelTests.swift */ = {isa = PBXFileReference; lastKnownFileType = sourcecode.swift; path = RepoModelTests.swift; sourceTree = "<group>"; };
		B2A658AB6FE0C08596C46BAF /* Pods-poq_CatalinPalade_ChallengeTests.debug.xcconfig */ = {isa = PBXFileReference; includeInIndex = 1; lastKnownFileType = text.xcconfig; name = "Pods-poq_CatalinPalade_ChallengeTests.debug.xcconfig"; path = "Target Support Files/Pods-poq_CatalinPalade_ChallengeTests/Pods-poq_CatalinPalade_ChallengeTests.debug.xcconfig"; sourceTree = "<group>"; };
		D46274EDE3509AB5C621CB50 /* Pods_poq_CatalinPalade_Challenge.framework */ = {isa = PBXFileReference; explicitFileType = wrapper.framework; includeInIndex = 0; path = Pods_poq_CatalinPalade_Challenge.framework; sourceTree = BUILT_PRODUCTS_DIR; };
		EE594AD20ADE4357A8E2B313 /* Pods-poq_CatalinPalade_Challenge.debug.xcconfig */ = {isa = PBXFileReference; includeInIndex = 1; lastKnownFileType = text.xcconfig; name = "Pods-poq_CatalinPalade_Challenge.debug.xcconfig"; path = "Target Support Files/Pods-poq_CatalinPalade_Challenge/Pods-poq_CatalinPalade_Challenge.debug.xcconfig"; sourceTree = "<group>"; };
		F3ABD52FCC052D8A4E0B1062 /* Pods_poq_CatalinPalade_Challenge_poq_CatalinPalade_ChallengeUITests.framework */ = {isa = PBXFileReference; explicitFileType = wrapper.framework; includeInIndex = 0; path = Pods_poq_CatalinPalade_Challenge_poq_CatalinPalade_ChallengeUITests.framework; sourceTree = BUILT_PRODUCTS_DIR; };
/* End PBXFileReference section */

/* Begin PBXFrameworksBuildPhase section */
		99062383238AB28700CF8D56 /* Frameworks */ = {
			isa = PBXFrameworksBuildPhase;
			buildActionMask = 2147483647;
			files = (
				124FB21C7A2E454D800ABCA0 /* Pods_poq_CatalinPalade_Challenge.framework in Frameworks */,
			);
			runOnlyForDeploymentPostprocessing = 0;
		};
		99062399238AB28900CF8D56 /* Frameworks */ = {
			isa = PBXFrameworksBuildPhase;
			buildActionMask = 2147483647;
			files = (
				699481AC7FC2D0C7D8F190B1 /* Pods_poq_CatalinPalade_ChallengeTests.framework in Frameworks */,
			);
			runOnlyForDeploymentPostprocessing = 0;
		};
		990623A4238AB28900CF8D56 /* Frameworks */ = {
			isa = PBXFrameworksBuildPhase;
			buildActionMask = 2147483647;
			files = (
				52C0ECE9F707E1F1A8C5ACA4 /* Pods_poq_CatalinPalade_Challenge_poq_CatalinPalade_ChallengeUITests.framework in Frameworks */,
			);
			runOnlyForDeploymentPostprocessing = 0;
		};
/* End PBXFrameworksBuildPhase section */

/* Begin PBXGroup section */
		89BCA4339D19A94A4C37223F /* Frameworks */ = {
			isa = PBXGroup;
			children = (
				D46274EDE3509AB5C621CB50 /* Pods_poq_CatalinPalade_Challenge.framework */,
				F3ABD52FCC052D8A4E0B1062 /* Pods_poq_CatalinPalade_Challenge_poq_CatalinPalade_ChallengeUITests.framework */,
				2BCDCD0DEA74209C969F4D5B /* Pods_poq_CatalinPalade_ChallengeTests.framework */,
			);
			name = Frameworks;
			sourceTree = "<group>";
		};
		95DBF6017CAB3D6FB11C6D38 /* Pods */ = {
			isa = PBXGroup;
			children = (
				EE594AD20ADE4357A8E2B313 /* Pods-poq_CatalinPalade_Challenge.debug.xcconfig */,
				1AB478DFAB559683DB52A022 /* Pods-poq_CatalinPalade_Challenge.release.xcconfig */,
				1F4396C05DE86D48BFE941E8 /* Pods-poq_CatalinPalade_Challenge-poq_CatalinPalade_ChallengeUITests.debug.xcconfig */,
				6215DDC606CDA9A1DC296AB0 /* Pods-poq_CatalinPalade_Challenge-poq_CatalinPalade_ChallengeUITests.release.xcconfig */,
				B2A658AB6FE0C08596C46BAF /* Pods-poq_CatalinPalade_ChallengeTests.debug.xcconfig */,
				8F44E3C48426D71479C4CB2B /* Pods-poq_CatalinPalade_ChallengeTests.release.xcconfig */,
			);
			path = Pods;
			sourceTree = "<group>";
		};
		9906237D238AB28700CF8D56 = {
			isa = PBXGroup;
			children = (
				99062388238AB28700CF8D56 /* poq_CatalinPalade_Challenge */,
				9906239F238AB28900CF8D56 /* poq_CatalinPalade_ChallengeTests */,
				990623AA238AB28900CF8D56 /* poq_CatalinPalade_ChallengeUITests */,
				99062387238AB28700CF8D56 /* Products */,
				95DBF6017CAB3D6FB11C6D38 /* Pods */,
				89BCA4339D19A94A4C37223F /* Frameworks */,
			);
			sourceTree = "<group>";
		};
		99062387238AB28700CF8D56 /* Products */ = {
			isa = PBXGroup;
			children = (
				99062386238AB28700CF8D56 /* poq_CatalinPalade_Challenge.app */,
				9906239C238AB28900CF8D56 /* poq_CatalinPalade_ChallengeTests.xctest */,
				990623A7238AB28900CF8D56 /* poq_CatalinPalade_ChallengeUITests.xctest */,
			);
			name = Products;
			sourceTree = "<group>";
		};
		99062388238AB28700CF8D56 /* poq_CatalinPalade_Challenge */ = {
			isa = PBXGroup;
			children = (
				99062389238AB28700CF8D56 /* AppDelegate.swift */,
				9906238B238AB28700CF8D56 /* SceneDelegate.swift */,
				990623B9238AB30400CF8D56 /* Model */,
				990623BA238AB30C00CF8D56 /* ViewController */,
				990623BE238AB70B00CF8D56 /* Network */,
				990623C1238ABA2400CF8D56 /* Extension */,
				990623BD238AB3A300CF8D56 /* Storyboard */,
				99062392238AB28900CF8D56 /* Assets.xcassets */,
				99062394238AB28900CF8D56 /* LaunchScreen.storyboard */,
				99062397238AB28900CF8D56 /* Info.plist */,
			);
			path = poq_CatalinPalade_Challenge;
			sourceTree = "<group>";
		};
		9906239F238AB28900CF8D56 /* poq_CatalinPalade_ChallengeTests */ = {
			isa = PBXGroup;
			children = (
				990623A0238AB28900CF8D56 /* poq_CatalinPalade_ChallengeTests.swift */,
				990623C4238ABF3900CF8D56 /* RepoModelTests.swift */,
				990623A2238AB28900CF8D56 /* Info.plist */,
			);
			path = poq_CatalinPalade_ChallengeTests;
			sourceTree = "<group>";
		};
		990623AA238AB28900CF8D56 /* poq_CatalinPalade_ChallengeUITests */ = {
			isa = PBXGroup;
			children = (
				990623AB238AB28900CF8D56 /* poq_CatalinPalade_ChallengeUITests.swift */,
				990623AD238AB28900CF8D56 /* Info.plist */,
			);
			path = poq_CatalinPalade_ChallengeUITests;
			sourceTree = "<group>";
		};
		990623B9238AB30400CF8D56 /* Model */ = {
			isa = PBXGroup;
			children = (
				990623BB238AB32800CF8D56 /* Repo.swift */,
			);
			path = Model;
			sourceTree = "<group>";
		};
		990623BA238AB30C00CF8D56 /* ViewController */ = {
			isa = PBXGroup;
			children = (
				9906238D238AB28700CF8D56 /* MainViewController.swift */,
			);
			path = ViewController;
			sourceTree = "<group>";
		};
		990623BD238AB3A300CF8D56 /* Storyboard */ = {
			isa = PBXGroup;
			children = (
				9906238F238AB28700CF8D56 /* Main.storyboard */,
			);
			path = Storyboard;
			sourceTree = "<group>";
		};
		990623BE238AB70B00CF8D56 /* Network */ = {
			isa = PBXGroup;
			children = (
				990623BF238AB73200CF8D56 /* NetworkingClient.swift */,
			);
			path = Network;
			sourceTree = "<group>";
		};
		990623C1238ABA2400CF8D56 /* Extension */ = {
			isa = PBXGroup;
			children = (
				990623C2238ABA4600CF8D56 /* ExtensionUIAlertController.swift */,
			);
			path = Extension;
			sourceTree = "<group>";
		};
/* End PBXGroup section */

/* Begin PBXNativeTarget section */
		99062385238AB28700CF8D56 /* poq_CatalinPalade_Challenge */ = {
			isa = PBXNativeTarget;
			buildConfigurationList = 990623B0238AB28900CF8D56 /* Build configuration list for PBXNativeTarget "poq_CatalinPalade_Challenge" */;
			buildPhases = (
				0A25F0D6380E76B55D3ADEE4 /* [CP] Check Pods Manifest.lock */,
				99062382238AB28700CF8D56 /* Sources */,
				99062383238AB28700CF8D56 /* Frameworks */,
				99062384238AB28700CF8D56 /* Resources */,
				91AEAE8FBBFDD28B1684809C /* [CP] Embed Pods Frameworks */,
			);
			buildRules = (
			);
			dependencies = (
			);
			name = poq_CatalinPalade_Challenge;
			productName = poq_CatalinPalade_Challenge;
			productReference = 99062386238AB28700CF8D56 /* poq_CatalinPalade_Challenge.app */;
			productType = "com.apple.product-type.application";
		};
		9906239B238AB28900CF8D56 /* poq_CatalinPalade_ChallengeTests */ = {
			isa = PBXNativeTarget;
			buildConfigurationList = 990623B3238AB28900CF8D56 /* Build configuration list for PBXNativeTarget "poq_CatalinPalade_ChallengeTests" */;
			buildPhases = (
				6A62F4294AA6D459BF152D8A /* [CP] Check Pods Manifest.lock */,
				99062398238AB28900CF8D56 /* Sources */,
				99062399238AB28900CF8D56 /* Frameworks */,
				9906239A238AB28900CF8D56 /* Resources */,
			);
			buildRules = (
			);
			dependencies = (
				9906239E238AB28900CF8D56 /* PBXTargetDependency */,
			);
			name = poq_CatalinPalade_ChallengeTests;
			productName = poq_CatalinPalade_ChallengeTests;
			productReference = 9906239C238AB28900CF8D56 /* poq_CatalinPalade_ChallengeTests.xctest */;
			productType = "com.apple.product-type.bundle.unit-test";
		};
		990623A6238AB28900CF8D56 /* poq_CatalinPalade_ChallengeUITests */ = {
			isa = PBXNativeTarget;
			buildConfigurationList = 990623B6238AB28900CF8D56 /* Build configuration list for PBXNativeTarget "poq_CatalinPalade_ChallengeUITests" */;
			buildPhases = (
				EFC2C24A1DBD79713FDB56D8 /* [CP] Check Pods Manifest.lock */,
				990623A3238AB28900CF8D56 /* Sources */,
				990623A4238AB28900CF8D56 /* Frameworks */,
				990623A5238AB28900CF8D56 /* Resources */,
				42BD0AE38AF7A895089557B3 /* [CP] Embed Pods Frameworks */,
			);
			buildRules = (
			);
			dependencies = (
				990623A9238AB28900CF8D56 /* PBXTargetDependency */,
			);
			name = poq_CatalinPalade_ChallengeUITests;
			productName = poq_CatalinPalade_ChallengeUITests;
			productReference = 990623A7238AB28900CF8D56 /* poq_CatalinPalade_ChallengeUITests.xctest */;
			productType = "com.apple.product-type.bundle.ui-testing";
		};
/* End PBXNativeTarget section */

/* Begin PBXProject section */
		9906237E238AB28700CF8D56 /* Project object */ = {
			isa = PBXProject;
			attributes = {
				LastSwiftUpdateCheck = 1120;
				LastUpgradeCheck = 1120;
				ORGANIZATIONNAME = "Catalin Palade";
				TargetAttributes = {
					99062385238AB28700CF8D56 = {
						CreatedOnToolsVersion = 11.2.1;
					};
					9906239B238AB28900CF8D56 = {
						CreatedOnToolsVersion = 11.2.1;
						TestTargetID = 99062385238AB28700CF8D56;
					};
					990623A6238AB28900CF8D56 = {
						CreatedOnToolsVersion = 11.2.1;
						TestTargetID = 99062385238AB28700CF8D56;
					};
				};
			};
			buildConfigurationList = 99062381238AB28700CF8D56 /* Build configuration list for PBXProject "poq_CatalinPalade_Challenge" */;
			compatibilityVersion = "Xcode 9.3";
			developmentRegion = en;
			hasScannedForEncodings = 0;
			knownRegions = (
				en,
				Base,
			);
			mainGroup = 9906237D238AB28700CF8D56;
			productRefGroup = 99062387238AB28700CF8D56 /* Products */;
			projectDirPath = "";
			projectRoot = "";
			targets = (
				99062385238AB28700CF8D56 /* poq_CatalinPalade_Challenge */,
				9906239B238AB28900CF8D56 /* poq_CatalinPalade_ChallengeTests */,
				990623A6238AB28900CF8D56 /* poq_CatalinPalade_ChallengeUITests */,
			);
		};
/* End PBXProject section */

/* Begin PBXResourcesBuildPhase section */
		99062384238AB28700CF8D56 /* Resources */ = {
			isa = PBXResourcesBuildPhase;
			buildActionMask = 2147483647;
			files = (
				99062396238AB28900CF8D56 /* LaunchScreen.storyboard in Resources */,
				99062393238AB28900CF8D56 /* Assets.xcassets in Resources */,
				99062391238AB28700CF8D56 /* Main.storyboard in Resources */,
			);
			runOnlyForDeploymentPostprocessing = 0;
		};
		9906239A238AB28900CF8D56 /* Resources */ = {
			isa = PBXResourcesBuildPhase;
			buildActionMask = 2147483647;
			files = (
			);
			runOnlyForDeploymentPostprocessing = 0;
		};
		990623A5238AB28900CF8D56 /* Resources */ = {
			isa = PBXResourcesBuildPhase;
			buildActionMask = 2147483647;
			files = (
			);
			runOnlyForDeploymentPostprocessing = 0;
		};
/* End PBXResourcesBuildPhase section */

/* Begin PBXShellScriptBuildPhase section */
		0A25F0D6380E76B55D3ADEE4 /* [CP] Check Pods Manifest.lock */ = {
			isa = PBXShellScriptBuildPhase;
			buildActionMask = 2147483647;
			files = (
			);
			inputFileListPaths = (
			);
			inputPaths = (
				"${PODS_PODFILE_DIR_PATH}/Podfile.lock",
				"${PODS_ROOT}/Manifest.lock",
			);
			name = "[CP] Check Pods Manifest.lock";
			outputFileListPaths = (
			);
			outputPaths = (
				"$(DERIVED_FILE_DIR)/Pods-poq_CatalinPalade_Challenge-checkManifestLockResult.txt",
			);
			runOnlyForDeploymentPostprocessing = 0;
			shellPath = /bin/sh;
			shellScript = "diff \"${PODS_PODFILE_DIR_PATH}/Podfile.lock\" \"${PODS_ROOT}/Manifest.lock\" > /dev/null\nif [ $? != 0 ] ; then\n    # print error to STDERR\n    echo \"error: The sandbox is not in sync with the Podfile.lock. Run 'pod install' or update your CocoaPods installation.\" >&2\n    exit 1\nfi\n# This output is used by Xcode 'outputs' to avoid re-running this script phase.\necho \"SUCCESS\" > \"${SCRIPT_OUTPUT_FILE_0}\"\n";
			showEnvVarsInLog = 0;
		};
		42BD0AE38AF7A895089557B3 /* [CP] Embed Pods Frameworks */ = {
			isa = PBXShellScriptBuildPhase;
			buildActionMask = 2147483647;
			files = (
			);
			inputFileListPaths = (
				"${PODS_ROOT}/Target Support Files/Pods-poq_CatalinPalade_Challenge-poq_CatalinPalade_ChallengeUITests/Pods-poq_CatalinPalade_Challenge-poq_CatalinPalade_ChallengeUITests-frameworks-${CONFIGURATION}-input-files.xcfilelist",
			);
			name = "[CP] Embed Pods Frameworks";
			outputFileListPaths = (
				"${PODS_ROOT}/Target Support Files/Pods-poq_CatalinPalade_Challenge-poq_CatalinPalade_ChallengeUITests/Pods-poq_CatalinPalade_Challenge-poq_CatalinPalade_ChallengeUITests-frameworks-${CONFIGURATION}-output-files.xcfilelist",
			);
			runOnlyForDeploymentPostprocessing = 0;
			shellPath = /bin/sh;
			shellScript = "\"${PODS_ROOT}/Target Support Files/Pods-poq_CatalinPalade_Challenge-poq_CatalinPalade_ChallengeUITests/Pods-poq_CatalinPalade_Challenge-poq_CatalinPalade_ChallengeUITests-frameworks.sh\"\n";
			showEnvVarsInLog = 0;
		};
		6A62F4294AA6D459BF152D8A /* [CP] Check Pods Manifest.lock */ = {
			isa = PBXShellScriptBuildPhase;
			buildActionMask = 2147483647;
			files = (
			);
			inputFileListPaths = (
			);
			inputPaths = (
				"${PODS_PODFILE_DIR_PATH}/Podfile.lock",
				"${PODS_ROOT}/Manifest.lock",
			);
			name = "[CP] Check Pods Manifest.lock";
			outputFileListPaths = (
			);
			outputPaths = (
				"$(DERIVED_FILE_DIR)/Pods-poq_CatalinPalade_ChallengeTests-checkManifestLockResult.txt",
			);
			runOnlyForDeploymentPostprocessing = 0;
			shellPath = /bin/sh;
			shellScript = "diff \"${PODS_PODFILE_DIR_PATH}/Podfile.lock\" \"${PODS_ROOT}/Manifest.lock\" > /dev/null\nif [ $? != 0 ] ; then\n    # print error to STDERR\n    echo \"error: The sandbox is not in sync with the Podfile.lock. Run 'pod install' or update your CocoaPods installation.\" >&2\n    exit 1\nfi\n# This output is used by Xcode 'outputs' to avoid re-running this script phase.\necho \"SUCCESS\" > \"${SCRIPT_OUTPUT_FILE_0}\"\n";
			showEnvVarsInLog = 0;
		};
		91AEAE8FBBFDD28B1684809C /* [CP] Embed Pods Frameworks */ = {
			isa = PBXShellScriptBuildPhase;
			buildActionMask = 2147483647;
			files = (
			);
			inputFileListPaths = (
				"${PODS_ROOT}/Target Support Files/Pods-poq_CatalinPalade_Challenge/Pods-poq_CatalinPalade_Challenge-frameworks-${CONFIGURATION}-input-files.xcfilelist",
			);
			name = "[CP] Embed Pods Frameworks";
			outputFileListPaths = (
				"${PODS_ROOT}/Target Support Files/Pods-poq_CatalinPalade_Challenge/Pods-poq_CatalinPalade_Challenge-frameworks-${CONFIGURATION}-output-files.xcfilelist",
			);
			runOnlyForDeploymentPostprocessing = 0;
			shellPath = /bin/sh;
			shellScript = "\"${PODS_ROOT}/Target Support Files/Pods-poq_CatalinPalade_Challenge/Pods-poq_CatalinPalade_Challenge-frameworks.sh\"\n";
			showEnvVarsInLog = 0;
		};
		EFC2C24A1DBD79713FDB56D8 /* [CP] Check Pods Manifest.lock */ = {
			isa = PBXShellScriptBuildPhase;
			buildActionMask = 2147483647;
			files = (
			);
			inputFileListPaths = (
			);
			inputPaths = (
				"${PODS_PODFILE_DIR_PATH}/Podfile.lock",
				"${PODS_ROOT}/Manifest.lock",
			);
			name = "[CP] Check Pods Manifest.lock";
			outputFileListPaths = (
			);
			outputPaths = (
				"$(DERIVED_FILE_DIR)/Pods-poq_CatalinPalade_Challenge-poq_CatalinPalade_ChallengeUITests-checkManifestLockResult.txt",
			);
			runOnlyForDeploymentPostprocessing = 0;
			shellPath = /bin/sh;
			shellScript = "diff \"${PODS_PODFILE_DIR_PATH}/Podfile.lock\" \"${PODS_ROOT}/Manifest.lock\" > /dev/null\nif [ $? != 0 ] ; then\n    # print error to STDERR\n    echo \"error: The sandbox is not in sync with the Podfile.lock. Run 'pod install' or update your CocoaPods installation.\" >&2\n    exit 1\nfi\n# This output is used by Xcode 'outputs' to avoid re-running this script phase.\necho \"SUCCESS\" > \"${SCRIPT_OUTPUT_FILE_0}\"\n";
			showEnvVarsInLog = 0;
		};
/* End PBXShellScriptBuildPhase section */

/* Begin PBXSourcesBuildPhase section */
		99062382238AB28700CF8D56 /* Sources */ = {
			isa = PBXSourcesBuildPhase;
			buildActionMask = 2147483647;
			files = (
				9906238E238AB28700CF8D56 /* MainViewController.swift in Sources */,
				990623C0238AB73200CF8D56 /* NetworkingClient.swift in Sources */,
				9906238A238AB28700CF8D56 /* AppDelegate.swift in Sources */,
				9906238C238AB28700CF8D56 /* SceneDelegate.swift in Sources */,
				990623C3238ABA4600CF8D56 /* ExtensionUIAlertController.swift in Sources */,
				990623BC238AB32800CF8D56 /* Repo.swift in Sources */,
			);
			runOnlyForDeploymentPostprocessing = 0;
		};
		99062398238AB28900CF8D56 /* Sources */ = {
			isa = PBXSourcesBuildPhase;
			buildActionMask = 2147483647;
			files = (
				990623A1238AB28900CF8D56 /* poq_CatalinPalade_ChallengeTests.swift in Sources */,
				990623C5238ABF3900CF8D56 /* RepoModelTests.swift in Sources */,
			);
			runOnlyForDeploymentPostprocessing = 0;
		};
		990623A3238AB28900CF8D56 /* Sources */ = {
			isa = PBXSourcesBuildPhase;
			buildActionMask = 2147483647;
			files = (
				990623AC238AB28900CF8D56 /* poq_CatalinPalade_ChallengeUITests.swift in Sources */,
			);
			runOnlyForDeploymentPostprocessing = 0;
		};
/* End PBXSourcesBuildPhase section */

/* Begin PBXTargetDependency section */
		9906239E238AB28900CF8D56 /* PBXTargetDependency */ = {
			isa = PBXTargetDependency;
			target = 99062385238AB28700CF8D56 /* poq_CatalinPalade_Challenge */;
			targetProxy = 9906239D238AB28900CF8D56 /* PBXContainerItemProxy */;
		};
		990623A9238AB28900CF8D56 /* PBXTargetDependency */ = {
			isa = PBXTargetDependency;
			target = 99062385238AB28700CF8D56 /* poq_CatalinPalade_Challenge */;
			targetProxy = 990623A8238AB28900CF8D56 /* PBXContainerItemProxy */;
		};
/* End PBXTargetDependency section */

/* Begin PBXVariantGroup section */
		9906238F238AB28700CF8D56 /* Main.storyboard */ = {
			isa = PBXVariantGroup;
			children = (
				99062390238AB28700CF8D56 /* Base */,
			);
			name = Main.storyboard;
			sourceTree = "<group>";
		};
		99062394238AB28900CF8D56 /* LaunchScreen.storyboard */ = {
			isa = PBXVariantGroup;
			children = (
				99062395238AB28900CF8D56 /* Base */,
			);
			name = LaunchScreen.storyboard;
			sourceTree = "<group>";
		};
/* End PBXVariantGroup section */

/* Begin XCBuildConfiguration section */
		990623AE238AB28900CF8D56 /* Debug */ = {
			isa = XCBuildConfiguration;
			buildSettings = {
				ALWAYS_SEARCH_USER_PATHS = NO;
				CLANG_ANALYZER_NONNULL = YES;
				CLANG_ANALYZER_NUMBER_OBJECT_CONVERSION = YES_AGGRESSIVE;
				CLANG_CXX_LANGUAGE_STANDARD = "gnu++14";
				CLANG_CXX_LIBRARY = "libc++";
				CLANG_ENABLE_MODULES = YES;
				CLANG_ENABLE_OBJC_ARC = YES;
				CLANG_ENABLE_OBJC_WEAK = YES;
				CLANG_WARN_BLOCK_CAPTURE_AUTORELEASING = YES;
				CLANG_WARN_BOOL_CONVERSION = YES;
				CLANG_WARN_COMMA = YES;
				CLANG_WARN_CONSTANT_CONVERSION = YES;
				CLANG_WARN_DEPRECATED_OBJC_IMPLEMENTATIONS = YES;
				CLANG_WARN_DIRECT_OBJC_ISA_USAGE = YES_ERROR;
				CLANG_WARN_DOCUMENTATION_COMMENTS = YES;
				CLANG_WARN_EMPTY_BODY = YES;
				CLANG_WARN_ENUM_CONVERSION = YES;
				CLANG_WARN_INFINITE_RECURSION = YES;
				CLANG_WARN_INT_CONVERSION = YES;
				CLANG_WARN_NON_LITERAL_NULL_CONVERSION = YES;
				CLANG_WARN_OBJC_IMPLICIT_RETAIN_SELF = YES;
				CLANG_WARN_OBJC_LITERAL_CONVERSION = YES;
				CLANG_WARN_OBJC_ROOT_CLASS = YES_ERROR;
				CLANG_WARN_RANGE_LOOP_ANALYSIS = YES;
				CLANG_WARN_STRICT_PROTOTYPES = YES;
				CLANG_WARN_SUSPICIOUS_MOVE = YES;
				CLANG_WARN_UNGUARDED_AVAILABILITY = YES_AGGRESSIVE;
				CLANG_WARN_UNREACHABLE_CODE = YES;
				CLANG_WARN__DUPLICATE_METHOD_MATCH = YES;
				COPY_PHASE_STRIP = NO;
				DEBUG_INFORMATION_FORMAT = dwarf;
				ENABLE_STRICT_OBJC_MSGSEND = YES;
				ENABLE_TESTABILITY = YES;
				GCC_C_LANGUAGE_STANDARD = gnu11;
				GCC_DYNAMIC_NO_PIC = NO;
				GCC_NO_COMMON_BLOCKS = YES;
				GCC_OPTIMIZATION_LEVEL = 0;
				GCC_PREPROCESSOR_DEFINITIONS = (
					"DEBUG=1",
					"$(inherited)",
				);
				GCC_WARN_64_TO_32_BIT_CONVERSION = YES;
				GCC_WARN_ABOUT_RETURN_TYPE = YES_ERROR;
				GCC_WARN_UNDECLARED_SELECTOR = YES;
				GCC_WARN_UNINITIALIZED_AUTOS = YES_AGGRESSIVE;
				GCC_WARN_UNUSED_FUNCTION = YES;
				GCC_WARN_UNUSED_VARIABLE = YES;
				IPHONEOS_DEPLOYMENT_TARGET = 13.2;
				MTL_ENABLE_DEBUG_INFO = INCLUDE_SOURCE;
				MTL_FAST_MATH = YES;
				ONLY_ACTIVE_ARCH = YES;
				SDKROOT = iphoneos;
				SWIFT_ACTIVE_COMPILATION_CONDITIONS = DEBUG;
				SWIFT_OPTIMIZATION_LEVEL = "-Onone";
			};
			name = Debug;
		};
		990623AF238AB28900CF8D56 /* Release */ = {
			isa = XCBuildConfiguration;
			buildSettings = {
				ALWAYS_SEARCH_USER_PATHS = NO;
				CLANG_ANALYZER_NONNULL = YES;
				CLANG_ANALYZER_NUMBER_OBJECT_CONVERSION = YES_AGGRESSIVE;
				CLANG_CXX_LANGUAGE_STANDARD = "gnu++14";
				CLANG_CXX_LIBRARY = "libc++";
				CLANG_ENABLE_MODULES = YES;
				CLANG_ENABLE_OBJC_ARC = YES;
				CLANG_ENABLE_OBJC_WEAK = YES;
				CLANG_WARN_BLOCK_CAPTURE_AUTORELEASING = YES;
				CLANG_WARN_BOOL_CONVERSION = YES;
				CLANG_WARN_COMMA = YES;
				CLANG_WARN_CONSTANT_CONVERSION = YES;
				CLANG_WARN_DEPRECATED_OBJC_IMPLEMENTATIONS = YES;
				CLANG_WARN_DIRECT_OBJC_ISA_USAGE = YES_ERROR;
				CLANG_WARN_DOCUMENTATION_COMMENTS = YES;
				CLANG_WARN_EMPTY_BODY = YES;
				CLANG_WARN_ENUM_CONVERSION = YES;
				CLANG_WARN_INFINITE_RECURSION = YES;
				CLANG_WARN_INT_CONVERSION = YES;
				CLANG_WARN_NON_LITERAL_NULL_CONVERSION = YES;
				CLANG_WARN_OBJC_IMPLICIT_RETAIN_SELF = YES;
				CLANG_WARN_OBJC_LITERAL_CONVERSION = YES;
				CLANG_WARN_OBJC_ROOT_CLASS = YES_ERROR;
				CLANG_WARN_RANGE_LOOP_ANALYSIS = YES;
				CLANG_WARN_STRICT_PROTOTYPES = YES;
				CLANG_WARN_SUSPICIOUS_MOVE = YES;
				CLANG_WARN_UNGUARDED_AVAILABILITY = YES_AGGRESSIVE;
				CLANG_WARN_UNREACHABLE_CODE = YES;
				CLANG_WARN__DUPLICATE_METHOD_MATCH = YES;
				COPY_PHASE_STRIP = NO;
				DEBUG_INFORMATION_FORMAT = "dwarf-with-dsym";
				ENABLE_NS_ASSERTIONS = NO;
				ENABLE_STRICT_OBJC_MSGSEND = YES;
				GCC_C_LANGUAGE_STANDARD = gnu11;
				GCC_NO_COMMON_BLOCKS = YES;
				GCC_WARN_64_TO_32_BIT_CONVERSION = YES;
				GCC_WARN_ABOUT_RETURN_TYPE = YES_ERROR;
				GCC_WARN_UNDECLARED_SELECTOR = YES;
				GCC_WARN_UNINITIALIZED_AUTOS = YES_AGGRESSIVE;
				GCC_WARN_UNUSED_FUNCTION = YES;
				GCC_WARN_UNUSED_VARIABLE = YES;
				IPHONEOS_DEPLOYMENT_TARGET = 13.2;
				MTL_ENABLE_DEBUG_INFO = NO;
				MTL_FAST_MATH = YES;
				SDKROOT = iphoneos;
				SWIFT_COMPILATION_MODE = wholemodule;
				SWIFT_OPTIMIZATION_LEVEL = "-O";
				VALIDATE_PRODUCT = YES;
			};
			name = Release;
		};
		990623B1238AB28900CF8D56 /* Debug */ = {
			isa = XCBuildConfiguration;
			baseConfigurationReference = EE594AD20ADE4357A8E2B313 /* Pods-poq_CatalinPalade_Challenge.debug.xcconfig */;
			buildSettings = {
				ASSETCATALOG_COMPILER_APPICON_NAME = AppIcon;
				CODE_SIGN_STYLE = Automatic;
				DEVELOPMENT_TEAM = 556JYUKVPG;
				INFOPLIST_FILE = poq_CatalinPalade_Challenge/Info.plist;
				LD_RUNPATH_SEARCH_PATHS = (
					"$(inherited)",
					"@executable_path/Frameworks",
				);
				PRODUCT_BUNDLE_IDENTIFIER = "com.catalinpalade.poq-CatalinPalade-Challenge";
				PRODUCT_NAME = "$(TARGET_NAME)";
				SWIFT_VERSION = 5.0;
				TARGETED_DEVICE_FAMILY = "1,2";
			};
			name = Debug;
		};
		990623B2238AB28900CF8D56 /* Release */ = {
			isa = XCBuildConfiguration;
			baseConfigurationReference = 1AB478DFAB559683DB52A022 /* Pods-poq_CatalinPalade_Challenge.release.xcconfig */;
			buildSettings = {
				ASSETCATALOG_COMPILER_APPICON_NAME = AppIcon;
				CODE_SIGN_STYLE = Automatic;
				DEVELOPMENT_TEAM = 556JYUKVPG;
				INFOPLIST_FILE = poq_CatalinPalade_Challenge/Info.plist;
				LD_RUNPATH_SEARCH_PATHS = (
					"$(inherited)",
					"@executable_path/Frameworks",
				);
				PRODUCT_BUNDLE_IDENTIFIER = "com.catalinpalade.poq-CatalinPalade-Challenge";
				PRODUCT_NAME = "$(TARGET_NAME)";
				SWIFT_VERSION = 5.0;
				TARGETED_DEVICE_FAMILY = "1,2";
			};
			name = Release;
		};
		990623B4238AB28900CF8D56 /* Debug */ = {
			isa = XCBuildConfiguration;
			baseConfigurationReference = B2A658AB6FE0C08596C46BAF /* Pods-poq_CatalinPalade_ChallengeTests.debug.xcconfig */;
			buildSettings = {
				ALWAYS_EMBED_SWIFT_STANDARD_LIBRARIES = YES;
				BUNDLE_LOADER = "$(TEST_HOST)";
				CODE_SIGN_STYLE = Automatic;
				DEVELOPMENT_TEAM = 556JYUKVPG;
				INFOPLIST_FILE = poq_CatalinPalade_ChallengeTests/Info.plist;
				IPHONEOS_DEPLOYMENT_TARGET = 13.2;
				LD_RUNPATH_SEARCH_PATHS = (
					"$(inherited)",
					"@executable_path/Frameworks",
					"@loader_path/Frameworks",
				);
				PRODUCT_BUNDLE_IDENTIFIER = "com.catalinpalade.poq-CatalinPalade-ChallengeTests";
				PRODUCT_NAME = "$(TARGET_NAME)";
				SWIFT_VERSION = 5.0;
				TARGETED_DEVICE_FAMILY = "1,2";
				TEST_HOST = "$(BUILT_PRODUCTS_DIR)/poq_CatalinPalade_Challenge.app/poq_CatalinPalade_Challenge";
			};
			name = Debug;
		};
		990623B5238AB28900CF8D56 /* Release */ = {
			isa = XCBuildConfiguration;
			baseConfigurationReference = 8F44E3C48426D71479C4CB2B /* Pods-poq_CatalinPalade_ChallengeTests.release.xcconfig */;
			buildSettings = {
				ALWAYS_EMBED_SWIFT_STANDARD_LIBRARIES = YES;
				BUNDLE_LOADER = "$(TEST_HOST)";
				CODE_SIGN_STYLE = Automatic;
				DEVELOPMENT_TEAM = 556JYUKVPG;
				INFOPLIST_FILE = poq_CatalinPalade_ChallengeTests/Info.plist;
				IPHONEOS_DEPLOYMENT_TARGET = 13.2;
				LD_RUNPATH_SEARCH_PATHS = (
					"$(inherited)",
					"@executable_path/Frameworks",
					"@loader_path/Frameworks",
				);
				PRODUCT_BUNDLE_IDENTIFIER = "com.catalinpalade.poq-CatalinPalade-ChallengeTests";
				PRODUCT_NAME = "$(TARGET_NAME)";
				SWIFT_VERSION = 5.0;
				TARGETED_DEVICE_FAMILY = "1,2";
				TEST_HOST = "$(BUILT_PRODUCTS_DIR)/poq_CatalinPalade_Challenge.app/poq_CatalinPalade_Challenge";
			};
			name = Release;
		};
		990623B7238AB28900CF8D56 /* Debug */ = {
			isa = XCBuildConfiguration;
			baseConfigurationReference = 1F4396C05DE86D48BFE941E8 /* Pods-poq_CatalinPalade_Challenge-poq_CatalinPalade_ChallengeUITests.debug.xcconfig */;
			buildSettings = {
				ALWAYS_EMBED_SWIFT_STANDARD_LIBRARIES = YES;
				CODE_SIGN_STYLE = Automatic;
				DEVELOPMENT_TEAM = 556JYUKVPG;
				INFOPLIST_FILE = poq_CatalinPalade_ChallengeUITests/Info.plist;
				LD_RUNPATH_SEARCH_PATHS = (
					"$(inherited)",
					"@executable_path/Frameworks",
					"@loader_path/Frameworks",
				);
				PRODUCT_BUNDLE_IDENTIFIER = "com.catalinpalade.poq-CatalinPalade-ChallengeUITests";
				PRODUCT_NAME = "$(TARGET_NAME)";
				SWIFT_VERSION = 5.0;
				TARGETED_DEVICE_FAMILY = "1,2";
				TEST_TARGET_NAME = poq_CatalinPalade_Challenge;
			};
			name = Debug;
		};
		990623B8238AB28900CF8D56 /* Release */ = {
			isa = XCBuildConfiguration;
			baseConfigurationReference = 6215DDC606CDA9A1DC296AB0 /* Pods-poq_CatalinPalade_Challenge-poq_CatalinPalade_ChallengeUITests.release.xcconfig */;
			buildSettings = {
				ALWAYS_EMBED_SWIFT_STANDARD_LIBRARIES = YES;
				CODE_SIGN_STYLE = Automatic;
				DEVELOPMENT_TEAM = 556JYUKVPG;
				INFOPLIST_FILE = poq_CatalinPalade_ChallengeUITests/Info.plist;
				LD_RUNPATH_SEARCH_PATHS = (
					"$(inherited)",
					"@executable_path/Frameworks",
					"@loader_path/Frameworks",
				);
				PRODUCT_BUNDLE_IDENTIFIER = "com.catalinpalade.poq-CatalinPalade-ChallengeUITests";
				PRODUCT_NAME = "$(TARGET_NAME)";
				SWIFT_VERSION = 5.0;
				TARGETED_DEVICE_FAMILY = "1,2";
				TEST_TARGET_NAME = poq_CatalinPalade_Challenge;
			};
			name = Release;
		};
/* End XCBuildConfiguration section */

/* Begin XCConfigurationList section */
		99062381238AB28700CF8D56 /* Build configuration list for PBXProject "poq_CatalinPalade_Challenge" */ = {
			isa = XCConfigurationList;
			buildConfigurations = (
				990623AE238AB28900CF8D56 /* Debug */,
				990623AF238AB28900CF8D56 /* Release */,
			);
			defaultConfigurationIsVisible = 0;
			defaultConfigurationName = Release;
		};
		990623B0238AB28900CF8D56 /* Build configuration list for PBXNativeTarget "poq_CatalinPalade_Challenge" */ = {
			isa = XCConfigurationList;
			buildConfigurations = (
				990623B1238AB28900CF8D56 /* Debug */,
				990623B2238AB28900CF8D56 /* Release */,
			);
			defaultConfigurationIsVisible = 0;
			defaultConfigurationName = Release;
		};
		990623B3238AB28900CF8D56 /* Build configuration list for PBXNativeTarget "poq_CatalinPalade_ChallengeTests" */ = {
			isa = XCConfigurationList;
			buildConfigurations = (
				990623B4238AB28900CF8D56 /* Debug */,
				990623B5238AB28900CF8D56 /* Release */,
			);
			defaultConfigurationIsVisible = 0;
			defaultConfigurationName = Release;
		};
		990623B6238AB28900CF8D56 /* Build configuration list for PBXNativeTarget "poq_CatalinPalade_ChallengeUITests" */ = {
			isa = XCConfigurationList;
			buildConfigurations = (
				990623B7238AB28900CF8D56 /* Debug */,
				990623B8238AB28900CF8D56 /* Release */,
			);
			defaultConfigurationIsVisible = 0;
			defaultConfigurationName = Release;
		};
/* End XCConfigurationList section */
	};
	rootObject = 9906237E238AB28700CF8D56 /* Project object */;
}
